
Microsoft Visual Studio Solution File, Format Version 12.00
# Visual Studio 14
VisualStudioVersion = 14.0.25420.1
MinimumVisualStudioVersion = 10.0.40219.1
Project("{FAE04EC0-301F-11D3-BF4B-00C04F79EFBC}") = "MsOcrUWP", "MsOcrUWP\MsOcrUWP.csproj", "{A54E0116-CE5A-425A-A3F2-2D889C6A58B8}"
EndProject
Project("{FAE04EC0-301F-11D3-BF4B-00C04F79EFBC}") = "GoogleOCR", "GoogleOCR\GoogleOCR.csproj", "{10D03BB1-FC06-4441-9E50-97E0A8059BC8}"
EndProject
Project("{FAE04EC0-301F-11D3-BF4B-00C04F79EFBC}") = "MsOcrWPF", "MsOcrWPF\MsOcrWPF.csproj", "{AC1B6BFE-18C9-4E9F-B656-DC681581AF36}"
EndProject
Project("{FAE04EC0-301F-11D3-BF4B-00C04F79EFBC}") = "OCR", "cs\OCR.csproj", "{DC30CE66-DAEE-4CCF-BD02-8837FE918B6F}"
EndProject
Global
	GlobalSection(SolutionConfigurationPlatforms) = preSolution
		Debug|Any CPU = Debug|Any CPU
		Debug|ARM = Debug|ARM
		Debug|x64 = Debug|x64
		Debug|x86 = Debug|x86
		Release|Any CPU = Release|Any CPU
		Release|ARM = Release|ARM
		Release|x64 = Release|x64
		Release|x86 = Release|x86
	EndGlobalSection
	GlobalSection(ProjectConfigurationPlatforms) = postSolution
		{A54E0116-CE5A-425A-A3F2-2D889C6A58B8}.Debug|Any CPU.ActiveCfg = Debug|x86
		{A54E0116-CE5A-425A-A3F2-2D889C6A58B8}.Debug|Any CPU.Build.0 = Debug|x86
		{A54E0116-CE5A-425A-A3F2-2D889C6A58B8}.Debug|Any CPU.Deploy.0 = Debug|x86
		{A54E0116-CE5A-425A-A3F2-2D889C6A58B8}.Debug|ARM.ActiveCfg = Debug|ARM
		{A54E0116-CE5A-425A-A3F2-2D889C6A58B8}.Debug|ARM.Build.0 = Debug|ARM
		{A54E0116-CE5A-425A-A3F2-2D889C6A58B8}.Debug|ARM.Deploy.0 = Debug|ARM
		{A54E0116-CE5A-425A-A3F2-2D889C6A58B8}.Debug|x64.ActiveCfg = Debug|x64
		{A54E0116-CE5A-425A-A3F2-2D889C6A58B8}.Debug|x64.Build.0 = Debug|x64
		{A54E0116-CE5A-425A-A3F2-2D889C6A58B8}.Debug|x64.Deploy.0 = Debug|x64
		{A54E0116-CE5A-425A-A3F2-2D889C6A58B8}.Debug|x86.ActiveCfg = Debug|x86
		{A54E0116-CE5A-425A-A3F2-2D889C6A58B8}.Debug|x86.Build.0 = Debug|x86
		{A54E0116-CE5A-425A-A3F2-2D889C6A58B8}.Debug|x86.Deploy.0 = Debug|x86
		{A54E0116-CE5A-425A-A3F2-2D889C6A58B8}.Release|Any CPU.ActiveCfg = Release|x86
		{A54E0116-CE5A-425A-A3F2-2D889C6A58B8}.Release|ARM.ActiveCfg = Release|ARM
		{A54E0116-CE5A-425A-A3F2-2D889C6A58B8}.Release|ARM.Build.0 = Release|ARM
		{A54E0116-CE5A-425A-A3F2-2D889C6A58B8}.Release|ARM.Deploy.0 = Release|ARM
		{A54E0116-CE5A-425A-A3F2-2D889C6A58B8}.Release|x64.ActiveCfg = Release|x64
		{A54E0116-CE5A-425A-A3F2-2D889C6A58B8}.Release|x64.Build.0 = Release|x64
		{A54E0116-CE5A-425A-A3F2-2D889C6A58B8}.Release|x64.Deploy.0 = Release|x64
		{A54E0116-CE5A-425A-A3F2-2D889C6A58B8}.Release|x86.ActiveCfg = Release|x86
		{A54E0116-CE5A-425A-A3F2-2D889C6A58B8}.Release|x86.Build.0 = Release|x86
		{A54E0116-CE5A-425A-A3F2-2D889C6A58B8}.Release|x86.Deploy.0 = Release|x86
		{10D03BB1-FC06-4441-9E50-97E0A8059BC8}.Debug|Any CPU.ActiveCfg = Debug|Any CPU
		{10D03BB1-FC06-4441-9E50-97E0A8059BC8}.Debug|Any CPU.Build.0 = Debug|Any CPU
		{10D03BB1-FC06-4441-9E50-97E0A8059BC8}.Debug|ARM.ActiveCfg = Debug|Any CPU
		{10D03BB1-FC06-4441-9E50-97E0A8059BC8}.Debug|ARM.Build.0 = Debug|Any CPU
		{10D03BB1-FC06-4441-9E50-97E0A8059BC8}.Debug|x64.ActiveCfg = Debug|Any CPU
		{10D03BB1-FC06-4441-9E50-97E0A8059BC8}.Debug|x64.Build.0 = Debug|Any CPU
		{10D03BB1-FC06-4441-9E50-97E0A8059BC8}.Debug|x86.ActiveCfg = Debug|Any CPU
		{10D03BB1-FC06-4441-9E50-97E0A8059BC8}.Debug|x86.Build.0 = Debug|Any CPU
		{10D03BB1-FC06-4441-9E50-97E0A8059BC8}.Release|Any CPU.ActiveCfg = Release|Any CPU
		{10D03BB1-FC06-4441-9E50-97E0A8059BC8}.Release|Any CPU.Build.0 = Release|Any CPU
		{10D03BB1-FC06-4441-9E50-97E0A8059BC8}.Release|ARM.ActiveCfg = Release|Any CPU
		{10D03BB1-FC06-4441-9E50-97E0A8059BC8}.Release|ARM.Build.0 = Release|Any CPU
		{10D03BB1-FC06-4441-9E50-97E0A8059BC8}.Release|x64.ActiveCfg = Release|Any CPU
		{10D03BB1-FC06-4441-9E50-97E0A8059BC8}.Release|x64.Build.0 = Release|Any CPU
		{10D03BB1-FC06-4441-9E50-97E0A8059BC8}.Release|x86.ActiveCfg = Release|Any CPU
		{10D03BB1-FC06-4441-9E50-97E0A8059BC8}.Release|x86.Build.0 = Release|Any CPU
		{AC1B6BFE-18C9-4E9F-B656-DC681581AF36}.Debug|Any CPU.ActiveCfg = Debug|Any CPU
		{AC1B6BFE-18C9-4E9F-B656-DC681581AF36}.Debug|Any CPU.Build.0 = Debug|Any CPU
		{AC1B6BFE-18C9-4E9F-B656-DC681581AF36}.Debug|ARM.ActiveCfg = Debug|Any CPU
		{AC1B6BFE-18C9-4E9F-B656-DC681581AF36}.Debug|ARM.Build.0 = Debug|Any CPU
		{AC1B6BFE-18C9-4E9F-B656-DC681581AF36}.Debug|x64.ActiveCfg = Debug|Any CPU
		{AC1B6BFE-18C9-4E9F-B656-DC681581AF36}.Debug|x64.Build.0 = Debug|Any CPU
		{AC1B6BFE-18C9-4E9F-B656-DC681581AF36}.Debug|x86.ActiveCfg = Debug|Any CPU
		{AC1B6BFE-18C9-4E9F-B656-DC681581AF36}.Debug|x86.Build.0 = Debug|Any CPU
		{AC1B6BFE-18C9-4E9F-B656-DC681581AF36}.Release|Any CPU.ActiveCfg = Release|Any CPU
		{AC1B6BFE-18C9-4E9F-B656-DC681581AF36}.Release|Any CPU.Build.0 = Release|Any CPU
		{AC1B6BFE-18C9-4E9F-B656-DC681581AF36}.Release|ARM.ActiveCfg = Release|Any CPU
		{AC1B6BFE-18C9-4E9F-B656-DC681581AF36}.Release|ARM.Build.0 = Release|Any CPU
		{AC1B6BFE-18C9-4E9F-B656-DC681581AF36}.Release|x64.ActiveCfg = Release|Any CPU
		{AC1B6BFE-18C9-4E9F-B656-DC681581AF36}.Release|x64.Build.0 = Release|Any CPU
		{AC1B6BFE-18C9-4E9F-B656-DC681581AF36}.Release|x86.ActiveCfg = Release|Any CPU
		{AC1B6BFE-18C9-4E9F-B656-DC681581AF36}.Release|x86.Build.0 = Release|Any CPU
		{DC30CE66-DAEE-4CCF-BD02-8837FE918B6F}.Debug|Any CPU.ActiveCfg = Debug|x86
		{DC30CE66-DAEE-4CCF-BD02-8837FE918B6F}.Debug|Any CPU.Build.0 = Debug|x86
		{DC30CE66-DAEE-4CCF-BD02-8837FE918B6F}.Debug|Any CPU.Deploy.0 = Debug|x86
		{DC30CE66-DAEE-4CCF-BD02-8837FE918B6F}.Debug|ARM.ActiveCfg = Debug|ARM
		{DC30CE66-DAEE-4CCF-BD02-8837FE918B6F}.Debug|ARM.Build.0 = Debug|ARM
		{DC30CE66-DAEE-4CCF-BD02-8837FE918B6F}.Debug|ARM.Deploy.0 = Debug|ARM
		{DC30CE66-DAEE-4CCF-BD02-8837FE918B6F}.Debug|x64.ActiveCfg = Debug|x64
		{DC30CE66-DAEE-4CCF-BD02-8837FE918B6F}.Debug|x64.Build.0 = Debug|x64
		{DC30CE66-DAEE-4CCF-BD02-8837FE918B6F}.Debug|x64.Deploy.0 = Debug|x64
		{DC30CE66-DAEE-4CCF-BD02-8837FE918B6F}.Debug|x86.ActiveCfg = Debug|x86
		{DC30CE66-DAEE-4CCF-BD02-8837FE918B6F}.Debug|x86.Build.0 = Debug|x86
		{DC30CE66-DAEE-4CCF-BD02-8837FE918B6F}.Debug|x86.Deploy.0 = Debug|x86
		{DC30CE66-DAEE-4CCF-BD02-8837FE918B6F}.Release|Any CPU.ActiveCfg = Release|x86
		{DC30CE66-DAEE-4CCF-BD02-8837FE918B6F}.Release|ARM.ActiveCfg = Release|ARM
		{DC30CE66-DAEE-4CCF-BD02-8837FE918B6F}.Release|ARM.Build.0 = Release|ARM
		{DC30CE66-DAEE-4CCF-BD02-8837FE918B6F}.Release|ARM.Deploy.0 = Release|ARM
		{DC30CE66-DAEE-4CCF-BD02-8837FE918B6F}.Release|x64.ActiveCfg = Release|x64
		{DC30CE66-DAEE-4CCF-BD02-8837FE918B6F}.Release|x64.Build.0 = Release|x64
		{DC30CE66-DAEE-4CCF-BD02-8837FE918B6F}.Release|x64.Deploy.0 = Release|x64
		{DC30CE66-DAEE-4CCF-BD02-8837FE918B6F}.Release|x86.ActiveCfg = Release|x86
		{DC30CE66-DAEE-4CCF-BD02-8837FE918B6F}.Release|x86.Build.0 = Release|x86
		{DC30CE66-DAEE-4CCF-BD02-8837FE918B6F}.Release|x86.Deploy.0 = Release|x86
	EndGlobalSection
	GlobalSection(SolutionProperties) = preSolution
		HideSolutionNode = FALSE
	EndGlobalSection
EndGlobal
